
Microsoft Visual Studio Solution File, Format Version 12.00
# Visual Studio 15
VisualStudioVersion = 15.0.28010.2019
MinimumVisualStudioVersion = 10.0.40219.1
Project("{9A19103F-16F7-4668-BE54-9A1E7A4F7556}") = "BierRapport", "BierRapport\BierRapport.csproj", "{DCD29426-8CA5-4081-8CD8-0F2263F18731}"
EndProject
Project("{9A19103F-16F7-4668-BE54-9A1E7A4F7556}") = "QueueProcessor", "QueueProcessor\QueueProcessor.csproj", "{86B48F21-8000-4EA5-8DC5-E317BAA1E630}"
EndProject
Project("{9A19103F-16F7-4668-BE54-9A1E7A4F7556}") = "Shared", "Shared\Shared.csproj", "{1D793B25-63BE-4641-93BC-708FEB940F92}"
EndProject
Global
	GlobalSection(SolutionConfigurationPlatforms) = preSolution
		Debug|Any CPU = Debug|Any CPU
		Release|Any CPU = Release|Any CPU
	EndGlobalSection
	GlobalSection(ProjectConfigurationPlatforms) = postSolution
		{DCD29426-8CA5-4081-8CD8-0F2263F18731}.Debug|Any CPU.ActiveCfg = Debug|Any CPU
		{DCD29426-8CA5-4081-8CD8-0F2263F18731}.Debug|Any CPU.Build.0 = Debug|Any CPU
		{DCD29426-8CA5-4081-8CD8-0F2263F18731}.Release|Any CPU.ActiveCfg = Release|Any CPU
		{DCD29426-8CA5-4081-8CD8-0F2263F18731}.Release|Any CPU.Build.0 = Release|Any CPU
		{86B48F21-8000-4EA5-8DC5-E317BAA1E630}.Debug|Any CPU.ActiveCfg = Debug|Any CPU
		{86B48F21-8000-4EA5-8DC5-E317BAA1E630}.Debug|Any CPU.Build.0 = Debug|Any CPU
		{86B48F21-8000-4EA5-8DC5-E317BAA1E630}.Release|Any CPU.ActiveCfg = Release|Any CPU
		{86B48F21-8000-4EA5-8DC5-E317BAA1E630}.Release|Any CPU.Build.0 = Release|Any CPU
		{1D793B25-63BE-4641-93BC-708FEB940F92}.Debug|Any CPU.ActiveCfg = Debug|Any CPU
		{1D793B25-63BE-4641-93BC-708FEB940F92}.Debug|Any CPU.Build.0 = Debug|Any CPU
		{1D793B25-63BE-4641-93BC-708FEB940F92}.Release|Any CPU.ActiveCfg = Release|Any CPU
		{1D793B25-63BE-4641-93BC-708FEB940F92}.Release|Any CPU.Build.0 = Release|Any CPU
	EndGlobalSection
	GlobalSection(SolutionProperties) = preSolution
		HideSolutionNode = FALSE
	EndGlobalSection
	GlobalSection(ExtensibilityGlobals) = postSolution
		SolutionGuid = {91A72D49-E99E-4867-B043-AF948133CD9D}
	EndGlobalSection
EndGlobal
